// !$*UTF8*$!
{
	archiveVersion = 1;
	classes = {
	};
	objectVersion = 55;
	objects = {

/* Begin PBXBuildFile section */
		BF60F1EC275F6FF000DD6253 /* PtosisApp.swift in Sources */ = {isa = PBXBuildFile; fileRef = BF60F1EB275F6FF000DD6253 /* PtosisApp.swift */; };
		BF60F1EE275F6FF000DD6253 /* ContentView.swift in Sources */ = {isa = PBXBuildFile; fileRef = BF60F1ED275F6FF000DD6253 /* ContentView.swift */; };
		BF60F1F0275F6FF200DD6253 /* Assets.xcassets in Resources */ = {isa = PBXBuildFile; fileRef = BF60F1EF275F6FF200DD6253 /* Assets.xcassets */; };
		BF60F1F3275F6FF200DD6253 /* Preview Assets.xcassets in Resources */ = {isa = PBXBuildFile; fileRef = BF60F1F2275F6FF200DD6253 /* Preview Assets.xcassets */; };
		BF60F1F5275F6FF200DD6253 /* Persistence.swift in Sources */ = {isa = PBXBuildFile; fileRef = BF60F1F4275F6FF200DD6253 /* Persistence.swift */; };
		BF60F1F8275F6FF200DD6253 /* PtosisApp.xcdatamodeld in Sources */ = {isa = PBXBuildFile; fileRef = BF60F1F6275F6FF200DD6253 /* PtosisApp.xcdatamodeld */; };
		BF60F200275F708700DD6253 /* InformationView.swift in Sources */ = {isa = PBXBuildFile; fileRef = BF60F1FF275F708600DD6253 /* InformationView.swift */; };
		BF60F202275F709F00DD6253 /* SendDataView.swift in Sources */ = {isa = PBXBuildFile; fileRef = BF60F201275F709F00DD6253 /* SendDataView.swift */; };
		BF60F204275F70BF00DD6253 /* CameraView.swift in Sources */ = {isa = PBXBuildFile; fileRef = BF60F203275F70BF00DD6253 /* CameraView.swift */; };
		BF60F207275F71F800DD6253 /* ImagePicker.swift in Sources */ = {isa = PBXBuildFile; fileRef = BF60F206275F71F800DD6253 /* ImagePicker.swift */; };
		BF60F209275F720800DD6253 /* ResultHolder.swift in Sources */ = {isa = PBXBuildFile; fileRef = BF60F208275F720800DD6253 /* ResultHolder.swift */; };
		BF60F20B275F722C00DD6253 /* ConstHolder.swift in Sources */ = {isa = PBXBuildFile; fileRef = BF60F20A275F722C00DD6253 /* ConstHolder.swift */; };
		BF60F20D275F799F00DD6253 /* SavedDateView.swift in Sources */ = {isa = PBXBuildFile; fileRef = BF60F20C275F799F00DD6253 /* SavedDateView.swift */; };
		BF60F210275F7AC300DD6253 /* UIImageExtension.swift in Sources */ = {isa = PBXBuildFile; fileRef = BF60F20F275F7AC300DD6253 /* UIImageExtension.swift */; };
/* End PBXBuildFile section */

/* Begin PBXFileReference section */
		BF60F1E8275F6FF000DD6253 /* PtosisApp.app */ = {isa = PBXFileReference; explicitFileType = wrapper.application; includeInIndex = 0; path = PtosisApp.app; sourceTree = BUILT_PRODUCTS_DIR; };
		BF60F1EB275F6FF000DD6253 /* PtosisApp.swift */ = {isa = PBXFileReference; lastKnownFileType = sourcecode.swift; path = PtosisApp.swift; sourceTree = "<group>"; };
		BF60F1ED275F6FF000DD6253 /* ContentView.swift */ = {isa = PBXFileReference; lastKnownFileType = sourcecode.swift; path = ContentView.swift; sourceTree = "<group>"; };
		BF60F1EF275F6FF200DD6253 /* Assets.xcassets */ = {isa = PBXFileReference; lastKnownFileType = folder.assetcatalog; path = Assets.xcassets; sourceTree = "<group>"; };
		BF60F1F2275F6FF200DD6253 /* Preview Assets.xcassets */ = {isa = PBXFileReference; lastKnownFileType = folder.assetcatalog; path = "Preview Assets.xcassets"; sourceTree = "<group>"; };
		BF60F1F4275F6FF200DD6253 /* Persistence.swift */ = {isa = PBXFileReference; lastKnownFileType = sourcecode.swift; path = Persistence.swift; sourceTree = "<group>"; };
		BF60F1F7275F6FF200DD6253 /* PtosisApp.xcdatamodel */ = {isa = PBXFileReference; lastKnownFileType = wrapper.xcdatamodel; path = PtosisApp.xcdatamodel; sourceTree = "<group>"; };
		BF60F1FF275F708600DD6253 /* InformationView.swift */ = {isa = PBXFileReference; lastKnownFileType = sourcecode.swift; path = InformationView.swift; sourceTree = "<group>"; };
		BF60F201275F709F00DD6253 /* SendDataView.swift */ = {isa = PBXFileReference; lastKnownFileType = sourcecode.swift; path = SendDataView.swift; sourceTree = "<group>"; };
		BF60F203275F70BF00DD6253 /* CameraView.swift */ = {isa = PBXFileReference; lastKnownFileType = sourcecode.swift; path = CameraView.swift; sourceTree = "<group>"; };
		BF60F206275F71F800DD6253 /* ImagePicker.swift */ = {isa = PBXFileReference; lastKnownFileType = sourcecode.swift; path = ImagePicker.swift; sourceTree = "<group>"; };
		BF60F208275F720800DD6253 /* ResultHolder.swift */ = {isa = PBXFileReference; lastKnownFileType = sourcecode.swift; path = ResultHolder.swift; sourceTree = "<group>"; };
		BF60F20A275F722C00DD6253 /* ConstHolder.swift */ = {isa = PBXFileReference; lastKnownFileType = sourcecode.swift; path = ConstHolder.swift; sourceTree = "<group>"; };
		BF60F20C275F799F00DD6253 /* SavedDateView.swift */ = {isa = PBXFileReference; lastKnownFileType = sourcecode.swift; path = SavedDateView.swift; sourceTree = "<group>"; };
		BF60F20F275F7AC300DD6253 /* UIImageExtension.swift */ = {isa = PBXFileReference; lastKnownFileType = sourcecode.swift; path = UIImageExtension.swift; sourceTree = "<group>"; };
		BF60F23427622EE500DD6253 /* Info.plist */ = {isa = PBXFileReference; lastKnownFileType = text.plist; path = Info.plist; sourceTree = "<group>"; };
/* End PBXFileReference section */

/* Begin PBXFrameworksBuildPhase section */
		BF60F1E5275F6FF000DD6253 /* Frameworks */ = {
			isa = PBXFrameworksBuildPhase;
			buildActionMask = 2147483647;
			files = (
			);
			runOnlyForDeploymentPostprocessing = 0;
		};
/* End PBXFrameworksBuildPhase section */

/* Begin PBXGroup section */
		BF60F1DF275F6FF000DD6253 = {
			isa = PBXGroup;
			children = (
				BF60F1EA275F6FF000DD6253 /* PtosisApp */,
				BF60F1E9275F6FF000DD6253 /* Products */,
			);
			sourceTree = "<group>";
		};
		BF60F1E9275F6FF000DD6253 /* Products */ = {
			isa = PBXGroup;
			children = (
				BF60F1E8275F6FF000DD6253 /* PtosisApp.app */,
			);
			name = Products;
			sourceTree = "<group>";
		};
		BF60F1EA275F6FF000DD6253 /* PtosisApp */ = {
			isa = PBXGroup;
			children = (
				BF60F23427622EE500DD6253 /* Info.plist */,
				BF60F1EF275F6FF200DD6253 /* Assets.xcassets */,
				BF60F1FE275F703100DD6253 /* Pages */,
				BF60F205275F71D000DD6253 /* Modules */,
				BF60F20E275F7AA400DD6253 /* Extension */,
				BF60F1F6275F6FF200DD6253 /* PtosisApp.xcdatamodeld */,
				BF60F1F1275F6FF200DD6253 /* Preview Content */,
			);
			path = PtosisApp;
			sourceTree = "<group>";
		};
		BF60F1F1275F6FF200DD6253 /* Preview Content */ = {
			isa = PBXGroup;
			children = (
				BF60F1F2275F6FF200DD6253 /* Preview Assets.xcassets */,
			);
			path = "Preview Content";
			sourceTree = "<group>";
		};
		BF60F1FE275F703100DD6253 /* Pages */ = {
			isa = PBXGroup;
			children = (
				BF60F1EB275F6FF000DD6253 /* PtosisApp.swift */,
				BF60F1ED275F6FF000DD6253 /* ContentView.swift */,
				BF60F1FF275F708600DD6253 /* InformationView.swift */,
				BF60F201275F709F00DD6253 /* SendDataView.swift */,
				BF60F203275F70BF00DD6253 /* CameraView.swift */,
				BF60F20C275F799F00DD6253 /* SavedDateView.swift */,
				BF60F1F4275F6FF200DD6253 /* Persistence.swift */,
			);
			path = Pages;
			sourceTree = "<group>";
		};
		BF60F205275F71D000DD6253 /* Modules */ = {
			isa = PBXGroup;
			children = (
				BF60F206275F71F800DD6253 /* ImagePicker.swift */,
				BF60F208275F720800DD6253 /* ResultHolder.swift */,
				BF60F20A275F722C00DD6253 /* ConstHolder.swift */,
			);
			path = Modules;
			sourceTree = "<group>";
		};
		BF60F20E275F7AA400DD6253 /* Extension */ = {
			isa = PBXGroup;
			children = (
				BF60F20F275F7AC300DD6253 /* UIImageExtension.swift */,
			);
			path = Extension;
			sourceTree = "<group>";
		};
/* End PBXGroup section */

/* Begin PBXNativeTarget section */
		BF60F1E7275F6FF000DD6253 /* PtosisApp */ = {
			isa = PBXNativeTarget;
			buildConfigurationList = BF60F1FB275F6FF200DD6253 /* Build configuration list for PBXNativeTarget "PtosisApp" */;
			buildPhases = (
				BF60F1E4275F6FF000DD6253 /* Sources */,
				BF60F1E5275F6FF000DD6253 /* Frameworks */,
				BF60F1E6275F6FF000DD6253 /* Resources */,
			);
			buildRules = (
			);
			dependencies = (
			);
			name = PtosisApp;
			productName = PtosisApp;
			productReference = BF60F1E8275F6FF000DD6253 /* PtosisApp.app */;
			productType = "com.apple.product-type.application";
		};
/* End PBXNativeTarget section */

/* Begin PBXProject section */
		BF60F1E0275F6FF000DD6253 /* Project object */ = {
			isa = PBXProject;
			attributes = {
				BuildIndependentTargetsInParallel = 1;
				LastSwiftUpdateCheck = 1310;
				LastUpgradeCheck = 1310;
				TargetAttributes = {
					BF60F1E7275F6FF000DD6253 = {
						CreatedOnToolsVersion = 13.1;
					};
				};
			};
			buildConfigurationList = BF60F1E3275F6FF000DD6253 /* Build configuration list for PBXProject "PtosisApp" */;
			compatibilityVersion = "Xcode 13.0";
			developmentRegion = en;
			hasScannedForEncodings = 0;
			knownRegions = (
				en,
				Base,
			);
			mainGroup = BF60F1DF275F6FF000DD6253;
			productRefGroup = BF60F1E9275F6FF000DD6253 /* Products */;
			projectDirPath = "";
			projectRoot = "";
			targets = (
				BF60F1E7275F6FF000DD6253 /* PtosisApp */,
			);
		};
/* End PBXProject section */

/* Begin PBXResourcesBuildPhase section */
		BF60F1E6275F6FF000DD6253 /* Resources */ = {
			isa = PBXResourcesBuildPhase;
			buildActionMask = 2147483647;
			files = (
				BF60F1F3275F6FF200DD6253 /* Preview Assets.xcassets in Resources */,
				BF60F1F0275F6FF200DD6253 /* Assets.xcassets in Resources */,
			);
			runOnlyForDeploymentPostprocessing = 0;
		};
/* End PBXResourcesBuildPhase section */

/* Begin PBXSourcesBuildPhase section */
		BF60F1E4275F6FF000DD6253 /* Sources */ = {
			isa = PBXSourcesBuildPhase;
			buildActionMask = 2147483647;
			files = (
				BF60F209275F720800DD6253 /* ResultHolder.swift in Sources */,
				BF60F202275F709F00DD6253 /* SendDataView.swift in Sources */,
				BF60F20D275F799F00DD6253 /* SavedDateView.swift in Sources */,
				BF60F204275F70BF00DD6253 /* CameraView.swift in Sources */,
				BF60F200275F708700DD6253 /* InformationView.swift in Sources */,
				BF60F1F5275F6FF200DD6253 /* Persistence.swift in Sources */,
				BF60F20B275F722C00DD6253 /* ConstHolder.swift in Sources */,
				BF60F1F8275F6FF200DD6253 /* PtosisApp.xcdatamodeld in Sources */,
				BF60F207275F71F800DD6253 /* ImagePicker.swift in Sources */,
				BF60F1EE275F6FF000DD6253 /* ContentView.swift in Sources */,
				BF60F1EC275F6FF000DD6253 /* PtosisApp.swift in Sources */,
				BF60F210275F7AC300DD6253 /* UIImageExtension.swift in Sources */,
			);
			runOnlyForDeploymentPostprocessing = 0;
		};
/* End PBXSourcesBuildPhase section */

/* Begin XCBuildConfiguration section */
		BF60F1F9275F6FF200DD6253 /* Debug */ = {
			isa = XCBuildConfiguration;
			buildSettings = {
				ALWAYS_SEARCH_USER_PATHS = NO;
				CLANG_ANALYZER_NONNULL = YES;
				CLANG_ANALYZER_NUMBER_OBJECT_CONVERSION = YES_AGGRESSIVE;
				CLANG_CXX_LANGUAGE_STANDARD = "gnu++17";
				CLANG_CXX_LIBRARY = "libc++";
				CLANG_ENABLE_MODULES = YES;
				CLANG_ENABLE_OBJC_ARC = YES;
				CLANG_ENABLE_OBJC_WEAK = YES;
				CLANG_WARN_BLOCK_CAPTURE_AUTORELEASING = YES;
				CLANG_WARN_BOOL_CONVERSION = YES;
				CLANG_WARN_COMMA = YES;
				CLANG_WARN_CONSTANT_CONVERSION = YES;
				CLANG_WARN_DEPRECATED_OBJC_IMPLEMENTATIONS = YES;
				CLANG_WARN_DIRECT_OBJC_ISA_USAGE = YES_ERROR;
				CLANG_WARN_DOCUMENTATION_COMMENTS = YES;
				CLANG_WARN_EMPTY_BODY = YES;
				CLANG_WARN_ENUM_CONVERSION = YES;
				CLANG_WARN_INFINITE_RECURSION = YES;
				CLANG_WARN_INT_CONVERSION = YES;
				CLANG_WARN_NON_LITERAL_NULL_CONVERSION = YES;
				CLANG_WARN_OBJC_IMPLICIT_RETAIN_SELF = YES;
				CLANG_WARN_OBJC_LITERAL_CONVERSION = YES;
				CLANG_WARN_OBJC_ROOT_CLASS = YES_ERROR;
				CLANG_WARN_QUOTED_INCLUDE_IN_FRAMEWORK_HEADER = YES;
				CLANG_WARN_RANGE_LOOP_ANALYSIS = YES;
				CLANG_WARN_STRICT_PROTOTYPES = YES;
				CLANG_WARN_SUSPICIOUS_MOVE = YES;
				CLANG_WARN_UNGUARDED_AVAILABILITY = YES_AGGRESSIVE;
				CLANG_WARN_UNREACHABLE_CODE = YES;
				CLANG_WARN__DUPLICATE_METHOD_MATCH = YES;
				COPY_PHASE_STRIP = NO;
				DEBUG_INFORMATION_FORMAT = dwarf;
				ENABLE_STRICT_OBJC_MSGSEND = YES;
				ENABLE_TESTABILITY = YES;
				GCC_C_LANGUAGE_STANDARD = gnu11;
				GCC_DYNAMIC_NO_PIC = NO;
				GCC_NO_COMMON_BLOCKS = YES;
				GCC_OPTIMIZATION_LEVEL = 0;
				GCC_PREPROCESSOR_DEFINITIONS = (
					"DEBUG=1",
					"$(inherited)",
				);
				GCC_WARN_64_TO_32_BIT_CONVERSION = YES;
				GCC_WARN_ABOUT_RETURN_TYPE = YES_ERROR;
				GCC_WARN_UNDECLARED_SELECTOR = YES;
				GCC_WARN_UNINITIALIZED_AUTOS = YES_AGGRESSIVE;
				GCC_WARN_UNUSED_FUNCTION = YES;
				GCC_WARN_UNUSED_VARIABLE = YES;
				IPHONEOS_DEPLOYMENT_TARGET = 15.0;
				MTL_ENABLE_DEBUG_INFO = INCLUDE_SOURCE;
				MTL_FAST_MATH = YES;
				ONLY_ACTIVE_ARCH = YES;
				SDKROOT = iphoneos;
				SWIFT_ACTIVE_COMPILATION_CONDITIONS = DEBUG;
				SWIFT_OPTIMIZATION_LEVEL = "-Onone";
			};
			name = Debug;
		};
		BF60F1FA275F6FF200DD6253 /* Release */ = {
			isa = XCBuildConfiguration;
			buildSettings = {
				ALWAYS_SEARCH_USER_PATHS = NO;
				CLANG_ANALYZER_NONNULL = YES;
				CLANG_ANALYZER_NUMBER_OBJECT_CONVERSION = YES_AGGRESSIVE;
				CLANG_CXX_LANGUAGE_STANDARD = "gnu++17";
				CLANG_CXX_LIBRARY = "libc++";
				CLANG_ENABLE_MODULES = YES;
				CLANG_ENABLE_OBJC_ARC = YES;
				CLANG_ENABLE_OBJC_WEAK = YES;
				CLANG_WARN_BLOCK_CAPTURE_AUTORELEASING = YES;
				CLANG_WARN_BOOL_CONVERSION = YES;
				CLANG_WARN_COMMA = YES;
				CLANG_WARN_CONSTANT_CONVERSION = YES;
				CLANG_WARN_DEPRECATED_OBJC_IMPLEMENTATIONS = YES;
				CLANG_WARN_DIRECT_OBJC_ISA_USAGE = YES_ERROR;
				CLANG_WARN_DOCUMENTATION_COMMENTS = YES;
				CLANG_WARN_EMPTY_BODY = YES;
				CLANG_WARN_ENUM_CONVERSION = YES;
				CLANG_WARN_INFINITE_RECURSION = YES;
				CLANG_WARN_INT_CONVERSION = YES;
				CLANG_WARN_NON_LITERAL_NULL_CONVERSION = YES;
				CLANG_WARN_OBJC_IMPLICIT_RETAIN_SELF = YES;
				CLANG_WARN_OBJC_LITERAL_CONVERSION = YES;
				CLANG_WARN_OBJC_ROOT_CLASS = YES_ERROR;
				CLANG_WARN_QUOTED_INCLUDE_IN_FRAMEWORK_HEADER = YES;
				CLANG_WARN_RANGE_LOOP_ANALYSIS = YES;
				CLANG_WARN_STRICT_PROTOTYPES = YES;
				CLANG_WARN_SUSPICIOUS_MOVE = YES;
				CLANG_WARN_UNGUARDED_AVAILABILITY = YES_AGGRESSIVE;
				CLANG_WARN_UNREACHABLE_CODE = YES;
				CLANG_WARN__DUPLICATE_METHOD_MATCH = YES;
				COPY_PHASE_STRIP = NO;
				DEBUG_INFORMATION_FORMAT = "dwarf-with-dsym";
				ENABLE_NS_ASSERTIONS = NO;
				ENABLE_STRICT_OBJC_MSGSEND = YES;
				GCC_C_LANGUAGE_STANDARD = gnu11;
				GCC_NO_COMMON_BLOCKS = YES;
				GCC_WARN_64_TO_32_BIT_CONVERSION = YES;
				GCC_WARN_ABOUT_RETURN_TYPE = YES_ERROR;
				GCC_WARN_UNDECLARED_SELECTOR = YES;
				GCC_WARN_UNINITIALIZED_AUTOS = YES_AGGRESSIVE;
				GCC_WARN_UNUSED_FUNCTION = YES;
				GCC_WARN_UNUSED_VARIABLE = YES;
				IPHONEOS_DEPLOYMENT_TARGET = 15.0;
				MTL_ENABLE_DEBUG_INFO = NO;
				MTL_FAST_MATH = YES;
				SDKROOT = iphoneos;
				SWIFT_COMPILATION_MODE = wholemodule;
				SWIFT_OPTIMIZATION_LEVEL = "-O";
				VALIDATE_PRODUCT = YES;
			};
			name = Release;
		};
		BF60F1FC275F6FF200DD6253 /* Debug */ = {
			isa = XCBuildConfiguration;
			buildSettings = {
				ASSETCATALOG_COMPILER_APPICON_NAME = AppIcon;
				ASSETCATALOG_COMPILER_GLOBAL_ACCENT_COLOR_NAME = AccentColor;
				CODE_SIGN_STYLE = Automatic;
				CURRENT_PROJECT_VERSION = 1;
				DEVELOPMENT_ASSET_PATHS = "\"PtosisApp/Preview Content\"";
				DEVELOPMENT_TEAM = FKLM5SV532;
				ENABLE_PREVIEWS = YES;
				GENERATE_INFOPLIST_FILE = YES;
				INFOPLIST_FILE = PtosisApp/Info.plist;
				INFOPLIST_KEY_LSSupportsOpeningDocumentsInPlace = YES;
				INFOPLIST_KEY_NSCameraUsageDescription = "";
				INFOPLIST_KEY_NSDocumentsFolderUsageDescription = "";
				INFOPLIST_KEY_NSPhotoLibraryAddUsageDescription = "";
				INFOPLIST_KEY_NSPhotoLibraryUsageDescription = "";
				INFOPLIST_KEY_UIApplicationSceneManifest_Generation = YES;
				INFOPLIST_KEY_UIApplicationSupportsIndirectInputEvents = YES;
				INFOPLIST_KEY_UILaunchScreen_Generation = YES;
				INFOPLIST_KEY_UISupportedInterfaceOrientations_iPad = "UIInterfaceOrientationPortrait UIInterfaceOrientationPortraitUpsideDown UIInterfaceOrientationLandscapeLeft UIInterfaceOrientationLandscapeRight";
				INFOPLIST_KEY_UISupportedInterfaceOrientations_iPhone = "UIInterfaceOrientationPortrait UIInterfaceOrientationLandscapeLeft UIInterfaceOrientationLandscapeRight";
				LD_RUNPATH_SEARCH_PATHS = (
					"$(inherited)",
					"@executable_path/Frameworks",
				);
				MARKETING_VERSION = 1.0;
				PRODUCT_BUNDLE_IDENTIFIER = "yk-gankeisei.PtosisApp";
				PRODUCT_NAME = "$(TARGET_NAME)";
				SWIFT_EMIT_LOC_STRINGS = YES;
				SWIFT_VERSION = 5.0;
				TARGETED_DEVICE_FAMILY = "1,2";
			};
			name = Debug;
		};
		BF60F1FD275F6FF200DD6253 /* Release */ = {
			isa = XCBuildConfiguration;
			buildSettings = {
				ASSETCATALOG_COMPILER_APPICON_NAME = AppIcon;
				ASSETCATALOG_COMPILER_GLOBAL_ACCENT_COLOR_NAME = AccentColor;
				CODE_SIGN_STYLE = Automatic;
				CURRENT_PROJECT_VERSION = 1;
				DEVELOPMENT_ASSET_PATHS = "\"PtosisApp/Preview Content\"";
				DEVELOPMENT_TEAM = FKLM5SV532;
				ENABLE_PREVIEWS = YES;
				GENERATE_INFOPLIST_FILE = YES;
				INFOPLIST_FILE = PtosisApp/Info.plist;
				INFOPLIST_KEY_LSSupportsOpeningDocumentsInPlace = YES;
				INFOPLIST_KEY_NSCameraUsageDescription = "";
				INFOPLIST_KEY_NSDocumentsFolderUsageDescription = "";
				INFOPLIST_KEY_NSPhotoLibraryAddUsageDescription = "";
				INFOPLIST_KEY_NSPhotoLibraryUsageDescription = "";
				INFOPLIST_KEY_UIApplicationSceneManifest_Generation = YES;
				INFOPLIST_KEY_UIApplicationSupportsIndirectInputEvents = YES;
				INFOPLIST_KEY_UILaunchScreen_Generation = YES;
				INFOPLIST_KEY_UISupportedInterfaceOrientations_iPad = "UIInterfaceOrientationPortrait UIInterfaceOrientationPortraitUpsideDown UIInterfaceOrientationLandscapeLeft UIInterfaceOrientationLandscapeRight";
				INFOPLIST_KEY_UISupportedInterfaceOrientations_iPhone = "UIInterfaceOrientationPortrait UIInterfaceOrientationLandscapeLeft UIInterfaceOrientationLandscapeRight";
				LD_RUNPATH_SEARCH_PATHS = (
					"$(inherited)",
					"@executable_path/Frameworks",
				);
				MARKETING_VERSION = 1.0;
				PRODUCT_BUNDLE_IDENTIFIER = "yk-gankeisei.PtosisApp";
				PRODUCT_NAME = "$(TARGET_NAME)";
				SWIFT_EMIT_LOC_STRINGS = YES;
				SWIFT_VERSION = 5.0;
				TARGETED_DEVICE_FAMILY = "1,2";
			};
			name = Release;
		};
/* End XCBuildConfiguration section */

/* Begin XCConfigurationList section */
		BF60F1E3275F6FF000DD6253 /* Build configuration list for PBXProject "PtosisApp" */ = {
			isa = XCConfigurationList;
			buildConfigurations = (
				BF60F1F9275F6FF200DD6253 /* Debug */,
				BF60F1FA275F6FF200DD6253 /* Release */,
			);
			defaultConfigurationIsVisible = 0;
			defaultConfigurationName = Release;
		};
		BF60F1FB275F6FF200DD6253 /* Build configuration list for PBXNativeTarget "PtosisApp" */ = {
			isa = XCConfigurationList;
			buildConfigurations = (
				BF60F1FC275F6FF200DD6253 /* Debug */,
				BF60F1FD275F6FF200DD6253 /* Release */,
			);
			defaultConfigurationIsVisible = 0;
			defaultConfigurationName = Release;
		};
/* End XCConfigurationList section */

/* Begin XCVersionGroup section */
		BF60F1F6275F6FF200DD6253 /* PtosisApp.xcdatamodeld */ = {
			isa = XCVersionGroup;
			children = (
				BF60F1F7275F6FF200DD6253 /* PtosisApp.xcdatamodel */,
			);
			currentVersion = BF60F1F7275F6FF200DD6253 /* PtosisApp.xcdatamodel */;
			path = PtosisApp.xcdatamodeld;
			sourceTree = "<group>";
			versionGroupType = wrapper.xcdatamodel;
		};
/* End XCVersionGroup section */
	};
	rootObject = BF60F1E0275F6FF000DD6253 /* Project object */;
}
